// !$*UTF8*$!
{
	archiveVersion = 1;
	classes = {
	};
	objectVersion = 51;
	objects = {

/* Begin PBXBuildFile section */
		440CAC822718079900E6E51F /* Constants.swift in Sources */ = {isa = PBXBuildFile; fileRef = 440CAC812718079900E6E51F /* Constants.swift */; };
		440CAC8427180CB100E6E51F /* UIImage+AppImages.swift in Sources */ = {isa = PBXBuildFile; fileRef = 440CAC8327180CB100E6E51F /* UIImage+AppImages.swift */; };
		440CAC86271822D400E6E51F /* ContactCreateRedactPartView2.swift in Sources */ = {isa = PBXBuildFile; fileRef = 440CAC85271822D400E6E51F /* ContactCreateRedactPartView2.swift */; };
		440CAC88271830C600E6E51F /* UIFont+AppFonts.swift in Sources */ = {isa = PBXBuildFile; fileRef = 440CAC87271830C600E6E51F /* UIFont+AppFonts.swift */; };
		440CAC8A2718451500E6E51F /* DefaultCellView.swift in Sources */ = {isa = PBXBuildFile; fileRef = 440CAC892718451500E6E51F /* DefaultCellView.swift */; };
		440CAC8C27184B3100E6E51F /* ContactCreateRedactPartView3.swift in Sources */ = {isa = PBXBuildFile; fileRef = 440CAC8B27184B3100E6E51F /* ContactCreateRedactPartView3.swift */; };
		44136FE027203F3400956694 /* String.swift in Sources */ = {isa = PBXBuildFile; fileRef = 44136FDF27203F3400956694 /* String.swift */; };
		44149B66271E979400F134DE /* Errors.swift in Sources */ = {isa = PBXBuildFile; fileRef = 44149B65271E979400F134DE /* Errors.swift */; };
		44149B68271E9CF300F134DE /* UIViewController.swift in Sources */ = {isa = PBXBuildFile; fileRef = 44149B67271E9CF300F134DE /* UIViewController.swift */; };
		44149B6A271E9D1F00F134DE /* UIAlertController.swift in Sources */ = {isa = PBXBuildFile; fileRef = 44149B69271E9D1F00F134DE /* UIAlertController.swift */; };
		441D2A37271D44B200288666 /* PartView2Data.swift in Sources */ = {isa = PBXBuildFile; fileRef = 441D2A36271D44B200288666 /* PartView2Data.swift */; };
		441D2A39271D4DA000288666 /* Ringtone.swift in Sources */ = {isa = PBXBuildFile; fileRef = 441D2A38271D4DA000288666 /* Ringtone.swift */; };
		441D2A3B271D5BB900288666 /* PartView3Data.swift in Sources */ = {isa = PBXBuildFile; fileRef = 441D2A3A271D5BB900288666 /* PartView3Data.swift */; };
		443A69782722E4380023C69A /* HeaderViewModel.swift in Sources */ = {isa = PBXBuildFile; fileRef = 443A69772722E4380023C69A /* HeaderViewModel.swift */; };
		443A697A2722E7A00023C69A /* ShowViewModel.swift in Sources */ = {isa = PBXBuildFile; fileRef = 443A69792722E7A00023C69A /* ShowViewModel.swift */; };
		443A697C2722E84A0023C69A /* ContactShowPartView.swift in Sources */ = {isa = PBXBuildFile; fileRef = 443A697B2722E84A0023C69A /* ContactShowPartView.swift */; };
		443A697E2722EAFD0023C69A /* ContactShowViewModel.swift in Sources */ = {isa = PBXBuildFile; fileRef = 443A697D2722EAFD0023C69A /* ContactShowViewModel.swift */; };
		444A5E24271436B100893C26 /* AppDelegate.swift in Sources */ = {isa = PBXBuildFile; fileRef = 444A5E23271436B100893C26 /* AppDelegate.swift */; };
		444A5E26271436B100893C26 /* SceneDelegate.swift in Sources */ = {isa = PBXBuildFile; fileRef = 444A5E25271436B100893C26 /* SceneDelegate.swift */; };
		444A5E2E271436B100893C26 /* KODE_Contacts.xcdatamodeld in Sources */ = {isa = PBXBuildFile; fileRef = 444A5E2C271436B100893C26 /* KODE_Contacts.xcdatamodeld */; };
		444A5E30271436B300893C26 /* Assets.xcassets in Resources */ = {isa = PBXBuildFile; fileRef = 444A5E2F271436B300893C26 /* Assets.xcassets */; };
		444A5E33271436B300893C26 /* LaunchScreen.storyboard in Resources */ = {isa = PBXBuildFile; fileRef = 444A5E31271436B300893C26 /* LaunchScreen.storyboard */; };
		444A5E3E271436B400893C26 /* KODEContactsTests.swift in Sources */ = {isa = PBXBuildFile; fileRef = 444A5E3D271436B400893C26 /* KODEContactsTests.swift */; };
		444A5E49271436B400893C26 /* KODEContactsUITests.swift in Sources */ = {isa = PBXBuildFile; fileRef = 444A5E48271436B400893C26 /* KODEContactsUITests.swift */; };
		444A5E5C2714421F00893C26 /* R.generated.swift in Sources */ = {isa = PBXBuildFile; fileRef = 444A5E5B2714421F00893C26 /* R.generated.swift */; };
		444A5E5F27144D7100893C26 /* Coordinator.swift in Sources */ = {isa = PBXBuildFile; fileRef = 444A5E5E27144D7100893C26 /* Coordinator.swift */; };
		444A5E6127144DE800893C26 /* AppCoordinator.swift in Sources */ = {isa = PBXBuildFile; fileRef = 444A5E6027144DE800893C26 /* AppCoordinator.swift */; };
		444A5E6327144E0200893C26 /* Dependencies.swift in Sources */ = {isa = PBXBuildFile; fileRef = 444A5E6227144E0100893C26 /* Dependencies.swift */; };
		444A5E6527144E4300893C26 /* CoreDataClient.swift in Sources */ = {isa = PBXBuildFile; fileRef = 444A5E6427144E4300893C26 /* CoreDataClient.swift */; };
		444A5E6827144FDE00893C26 /* ContactsListCoordinator.swift in Sources */ = {isa = PBXBuildFile; fileRef = 444A5E6727144FDE00893C26 /* ContactsListCoordinator.swift */; };
		444A5E6E2714531C00893C26 /* ContactsListViewController.swift in Sources */ = {isa = PBXBuildFile; fileRef = 444A5E6D2714531C00893C26 /* ContactsListViewController.swift */; };
		444A5E712714548E00893C26 /* Localizable.strings in Resources */ = {isa = PBXBuildFile; fileRef = 444A5E702714548E00893C26 /* Localizable.strings */; };
		444A5E7327145DD900893C26 /* ContactsListViewModel.swift in Sources */ = {isa = PBXBuildFile; fileRef = 444A5E7227145DD900893C26 /* ContactsListViewModel.swift */; };
		444FED77271969B1000C7329 /* RedactViewModel1.swift in Sources */ = {isa = PBXBuildFile; fileRef = 444FED76271969B1000C7329 /* RedactViewModel1.swift */; };
		444FED7927196A6C000C7329 /* RedactViewModel2.swift in Sources */ = {isa = PBXBuildFile; fileRef = 444FED7827196A6C000C7329 /* RedactViewModel2.swift */; };
		444FED7B27196A84000C7329 /* RedactViewModel3.swift in Sources */ = {isa = PBXBuildFile; fileRef = 444FED7A27196A84000C7329 /* RedactViewModel3.swift */; };
		444FED7F27198461000C7329 /* CustomToolbar.swift in Sources */ = {isa = PBXBuildFile; fileRef = 444FED7E27198461000C7329 /* CustomToolbar.swift */; };
		444FED812719907C000C7329 /* ViewModel.swift in Sources */ = {isa = PBXBuildFile; fileRef = 444FED802719907C000C7329 /* ViewModel.swift */; };
		444FED8327199BDC000C7329 /* PartView1Data.swift in Sources */ = {isa = PBXBuildFile; fileRef = 444FED8227199BDC000C7329 /* PartView1Data.swift */; };
		444FED852719A383000C7329 /* UIStackView.swift in Sources */ = {isa = PBXBuildFile; fileRef = 444FED842719A383000C7329 /* UIStackView.swift */; };
		447655BF271EBBBB00C12434 /* FileHandler.swift in Sources */ = {isa = PBXBuildFile; fileRef = 447655BE271EBBBB00C12434 /* FileHandler.swift */; };
		447655C1271ED9DD00C12434 /* PersistentContact.swift in Sources */ = {isa = PBXBuildFile; fileRef = 447655C0271ED9DD00C12434 /* PersistentContact.swift */; };
		44791E0D271563B700E6FC6C /* UIColor+AppColors.swift in Sources */ = {isa = PBXBuildFile; fileRef = 44791E0C271563B700E6FC6C /* UIColor+AppColors.swift */; };
		44791E10271572E200E6FC6C /* Contact.swift in Sources */ = {isa = PBXBuildFile; fileRef = 44791E0F271572E200E6FC6C /* Contact.swift */; };
		44791E152715766B00E6FC6C /* ContactDetailsCoordinator.swift in Sources */ = {isa = PBXBuildFile; fileRef = 44791E142715766B00E6FC6C /* ContactDetailsCoordinator.swift */; };
		44791E1B27158CC500E6FC6C /* ContactShowViewController.swift in Sources */ = {isa = PBXBuildFile; fileRef = 44791E1A27158CC500E6FC6C /* ContactShowViewController.swift */; };
		44791E1F27158D3100E6FC6C /* ContactCreateRedactViewController.swift in Sources */ = {isa = PBXBuildFile; fileRef = 44791E1E27158D3100E6FC6C /* ContactCreateRedactViewController.swift */; };
		44791E2127158E3900E6FC6C /* ContactCreateRedactViewModel.swift in Sources */ = {isa = PBXBuildFile; fileRef = 44791E2027158E3900E6FC6C /* ContactCreateRedactViewModel.swift */; };
		44791E282715B37100E6FC6C /* UINavigationController.swift in Sources */ = {isa = PBXBuildFile; fileRef = 44791E272715B37100E6FC6C /* UINavigationController.swift */; };
		44791E2A2715B92400E6FC6C /* ContactHeaderView.swift in Sources */ = {isa = PBXBuildFile; fileRef = 44791E292715B92400E6FC6C /* ContactHeaderView.swift */; };
		44791E2C2715BAFF00E6FC6C /* ContactCreateRedactPartView1.swift in Sources */ = {isa = PBXBuildFile; fileRef = 44791E2B2715BAFF00E6FC6C /* ContactCreateRedactPartView1.swift */; };
		44791E302715BB8F00E6FC6C /* UIView.swift in Sources */ = {isa = PBXBuildFile; fileRef = 44791E2F2715BB8F00E6FC6C /* UIView.swift */; };
		44791E322715BCD200E6FC6C /* UITextField.swift in Sources */ = {isa = PBXBuildFile; fileRef = 44791E312715BCD200E6FC6C /* UITextField.swift */; };
		44DEA5F327215D8C0067F1DA /* TableViewContactCell.swift in Sources */ = {isa = PBXBuildFile; fileRef = 44DEA5F227215D8C0067F1DA /* TableViewContactCell.swift */; };
		44DEA5F527215DFB0067F1DA /* ContactCellViewModel.swift in Sources */ = {isa = PBXBuildFile; fileRef = 44DEA5F427215DFB0067F1DA /* ContactCellViewModel.swift */; };
		44DEA5F727217EB20067F1DA /* CollationIndexable.swift in Sources */ = {isa = PBXBuildFile; fileRef = 44DEA5F627217EB20067F1DA /* CollationIndexable.swift */; };
		774B8B1A312399324A8F68DC /* Pods_KODE_Contacts.framework in Frameworks */ = {isa = PBXBuildFile; fileRef = A30E049690EA00A0D7036787 /* Pods_KODE_Contacts.framework */; };
		8B1B62A93F584131891FBEBC /* Pods_KODE_ContactsTests.framework in Frameworks */ = {isa = PBXBuildFile; fileRef = B638084B75F7EF3A5E3C5CA8 /* Pods_KODE_ContactsTests.framework */; };
		F4D6CBACFEE0CA77A7223C85 /* Pods_KODE_Contacts_KODE_ContactsUITests.framework in Frameworks */ = {isa = PBXBuildFile; fileRef = AFB49A5CB61CE6BF62E624A8 /* Pods_KODE_Contacts_KODE_ContactsUITests.framework */; };
/* End PBXBuildFile section */

/* Begin PBXContainerItemProxy section */
		444A5E3A271436B400893C26 /* PBXContainerItemProxy */ = {
			isa = PBXContainerItemProxy;
			containerPortal = 444A5E18271436B100893C26 /* Project object */;
			proxyType = 1;
			remoteGlobalIDString = 444A5E1F271436B100893C26;
			remoteInfo = "KODE-Contacts";
		};
		444A5E45271436B400893C26 /* PBXContainerItemProxy */ = {
			isa = PBXContainerItemProxy;
			containerPortal = 444A5E18271436B100893C26 /* Project object */;
			proxyType = 1;
			remoteGlobalIDString = 444A5E1F271436B100893C26;
			remoteInfo = "KODE-Contacts";
		};
/* End PBXContainerItemProxy section */

/* Begin PBXFileReference section */
		182F0236B712339EB45E71E4 /* Pods-KODE-Contacts.debug.xcconfig */ = {isa = PBXFileReference; includeInIndex = 1; lastKnownFileType = text.xcconfig; name = "Pods-KODE-Contacts.debug.xcconfig"; path = "Target Support Files/Pods-KODE-Contacts/Pods-KODE-Contacts.debug.xcconfig"; sourceTree = "<group>"; };
		3D39221AC8E58FF2C800B06B /* Pods-KODE-Contacts.release.xcconfig */ = {isa = PBXFileReference; includeInIndex = 1; lastKnownFileType = text.xcconfig; name = "Pods-KODE-Contacts.release.xcconfig"; path = "Target Support Files/Pods-KODE-Contacts/Pods-KODE-Contacts.release.xcconfig"; sourceTree = "<group>"; };
		440CAC812718079900E6E51F /* Constants.swift */ = {isa = PBXFileReference; lastKnownFileType = sourcecode.swift; path = Constants.swift; sourceTree = "<group>"; };
		440CAC8327180CB100E6E51F /* UIImage+AppImages.swift */ = {isa = PBXFileReference; lastKnownFileType = sourcecode.swift; path = "UIImage+AppImages.swift"; sourceTree = "<group>"; };
		440CAC85271822D400E6E51F /* ContactCreateRedactPartView2.swift */ = {isa = PBXFileReference; lastKnownFileType = sourcecode.swift; path = ContactCreateRedactPartView2.swift; sourceTree = "<group>"; };
		440CAC87271830C600E6E51F /* UIFont+AppFonts.swift */ = {isa = PBXFileReference; lastKnownFileType = sourcecode.swift; path = "UIFont+AppFonts.swift"; sourceTree = "<group>"; };
		440CAC892718451500E6E51F /* DefaultCellView.swift */ = {isa = PBXFileReference; lastKnownFileType = sourcecode.swift; path = DefaultCellView.swift; sourceTree = "<group>"; };
		440CAC8B27184B3100E6E51F /* ContactCreateRedactPartView3.swift */ = {isa = PBXFileReference; lastKnownFileType = sourcecode.swift; path = ContactCreateRedactPartView3.swift; sourceTree = "<group>"; };
		44136FDF27203F3400956694 /* String.swift */ = {isa = PBXFileReference; lastKnownFileType = sourcecode.swift; path = String.swift; sourceTree = "<group>"; };
		44149B65271E979400F134DE /* Errors.swift */ = {isa = PBXFileReference; fileEncoding = 4; lastKnownFileType = sourcecode.swift; path = Errors.swift; sourceTree = "<group>"; };
		44149B67271E9CF300F134DE /* UIViewController.swift */ = {isa = PBXFileReference; lastKnownFileType = sourcecode.swift; path = UIViewController.swift; sourceTree = "<group>"; };
		44149B69271E9D1F00F134DE /* UIAlertController.swift */ = {isa = PBXFileReference; fileEncoding = 4; lastKnownFileType = sourcecode.swift; path = UIAlertController.swift; sourceTree = "<group>"; };
		441D2A36271D44B200288666 /* PartView2Data.swift */ = {isa = PBXFileReference; lastKnownFileType = sourcecode.swift; path = PartView2Data.swift; sourceTree = "<group>"; };
		441D2A38271D4DA000288666 /* Ringtone.swift */ = {isa = PBXFileReference; lastKnownFileType = sourcecode.swift; path = Ringtone.swift; sourceTree = "<group>"; };
		441D2A3A271D5BB900288666 /* PartView3Data.swift */ = {isa = PBXFileReference; lastKnownFileType = sourcecode.swift; path = PartView3Data.swift; sourceTree = "<group>"; };
		443A69772722E4380023C69A /* HeaderViewModel.swift */ = {isa = PBXFileReference; lastKnownFileType = sourcecode.swift; path = HeaderViewModel.swift; sourceTree = "<group>"; };
		443A69792722E7A00023C69A /* ShowViewModel.swift */ = {isa = PBXFileReference; lastKnownFileType = sourcecode.swift; path = ShowViewModel.swift; sourceTree = "<group>"; };
		443A697B2722E84A0023C69A /* ContactShowPartView.swift */ = {isa = PBXFileReference; lastKnownFileType = sourcecode.swift; path = ContactShowPartView.swift; sourceTree = "<group>"; };
		443A697D2722EAFD0023C69A /* ContactShowViewModel.swift */ = {isa = PBXFileReference; lastKnownFileType = sourcecode.swift; path = ContactShowViewModel.swift; sourceTree = "<group>"; };
		444A5E20271436B100893C26 /* KODE-Contacts.app */ = {isa = PBXFileReference; explicitFileType = wrapper.application; includeInIndex = 0; path = "KODE-Contacts.app"; sourceTree = BUILT_PRODUCTS_DIR; };
		444A5E23271436B100893C26 /* AppDelegate.swift */ = {isa = PBXFileReference; lastKnownFileType = sourcecode.swift; path = AppDelegate.swift; sourceTree = "<group>"; };
		444A5E25271436B100893C26 /* SceneDelegate.swift */ = {isa = PBXFileReference; lastKnownFileType = sourcecode.swift; path = SceneDelegate.swift; sourceTree = "<group>"; };
		444A5E2D271436B100893C26 /* KODE_Contacts.xcdatamodel */ = {isa = PBXFileReference; lastKnownFileType = wrapper.xcdatamodel; path = KODE_Contacts.xcdatamodel; sourceTree = "<group>"; };
		444A5E2F271436B300893C26 /* Assets.xcassets */ = {isa = PBXFileReference; lastKnownFileType = folder.assetcatalog; path = Assets.xcassets; sourceTree = "<group>"; };
		444A5E32271436B300893C26 /* Base */ = {isa = PBXFileReference; lastKnownFileType = file.storyboard; name = Base; path = Base.lproj/LaunchScreen.storyboard; sourceTree = "<group>"; };
		444A5E34271436B300893C26 /* Info.plist */ = {isa = PBXFileReference; lastKnownFileType = text.plist.xml; path = Info.plist; sourceTree = "<group>"; };
		444A5E39271436B400893C26 /* KODE-ContactsTests.xctest */ = {isa = PBXFileReference; explicitFileType = wrapper.cfbundle; includeInIndex = 0; path = "KODE-ContactsTests.xctest"; sourceTree = BUILT_PRODUCTS_DIR; };
		444A5E3D271436B400893C26 /* KODEContactsTests.swift */ = {isa = PBXFileReference; lastKnownFileType = sourcecode.swift; path = KODEContactsTests.swift; sourceTree = "<group>"; };
		444A5E3F271436B400893C26 /* Info.plist */ = {isa = PBXFileReference; lastKnownFileType = text.plist.xml; path = Info.plist; sourceTree = "<group>"; };
		444A5E44271436B400893C26 /* KODE-ContactsUITests.xctest */ = {isa = PBXFileReference; explicitFileType = wrapper.cfbundle; includeInIndex = 0; path = "KODE-ContactsUITests.xctest"; sourceTree = BUILT_PRODUCTS_DIR; };
		444A5E48271436B400893C26 /* KODEContactsUITests.swift */ = {isa = PBXFileReference; lastKnownFileType = sourcecode.swift; path = KODEContactsUITests.swift; sourceTree = "<group>"; };
		444A5E4A271436B400893C26 /* Info.plist */ = {isa = PBXFileReference; lastKnownFileType = text.plist.xml; path = Info.plist; sourceTree = "<group>"; };
		444A5E5B2714421F00893C26 /* R.generated.swift */ = {isa = PBXFileReference; fileEncoding = 4; lastKnownFileType = sourcecode.swift; path = R.generated.swift; sourceTree = "<group>"; };
		444A5E5E27144D7100893C26 /* Coordinator.swift */ = {isa = PBXFileReference; fileEncoding = 4; lastKnownFileType = sourcecode.swift; path = Coordinator.swift; sourceTree = "<group>"; };
		444A5E6027144DE800893C26 /* AppCoordinator.swift */ = {isa = PBXFileReference; fileEncoding = 4; lastKnownFileType = sourcecode.swift; path = AppCoordinator.swift; sourceTree = "<group>"; };
		444A5E6227144E0100893C26 /* Dependencies.swift */ = {isa = PBXFileReference; fileEncoding = 4; lastKnownFileType = sourcecode.swift; path = Dependencies.swift; sourceTree = "<group>"; };
		444A5E6427144E4300893C26 /* CoreDataClient.swift */ = {isa = PBXFileReference; lastKnownFileType = sourcecode.swift; path = CoreDataClient.swift; sourceTree = "<group>"; };
		444A5E6727144FDE00893C26 /* ContactsListCoordinator.swift */ = {isa = PBXFileReference; lastKnownFileType = sourcecode.swift; path = ContactsListCoordinator.swift; sourceTree = "<group>"; };
		444A5E6D2714531C00893C26 /* ContactsListViewController.swift */ = {isa = PBXFileReference; lastKnownFileType = sourcecode.swift; path = ContactsListViewController.swift; sourceTree = "<group>"; };
		444A5E702714548E00893C26 /* Localizable.strings */ = {isa = PBXFileReference; lastKnownFileType = text.plist.strings; path = Localizable.strings; sourceTree = "<group>"; };
		444A5E7227145DD900893C26 /* ContactsListViewModel.swift */ = {isa = PBXFileReference; lastKnownFileType = sourcecode.swift; path = ContactsListViewModel.swift; sourceTree = "<group>"; };
		444FED76271969B1000C7329 /* RedactViewModel1.swift */ = {isa = PBXFileReference; lastKnownFileType = sourcecode.swift; path = RedactViewModel1.swift; sourceTree = "<group>"; };
		444FED7827196A6C000C7329 /* RedactViewModel2.swift */ = {isa = PBXFileReference; lastKnownFileType = sourcecode.swift; path = RedactViewModel2.swift; sourceTree = "<group>"; };
		444FED7A27196A84000C7329 /* RedactViewModel3.swift */ = {isa = PBXFileReference; lastKnownFileType = sourcecode.swift; path = RedactViewModel3.swift; sourceTree = "<group>"; };
		444FED7E27198461000C7329 /* CustomToolbar.swift */ = {isa = PBXFileReference; lastKnownFileType = sourcecode.swift; path = CustomToolbar.swift; sourceTree = "<group>"; };
		444FED802719907C000C7329 /* ViewModel.swift */ = {isa = PBXFileReference; lastKnownFileType = sourcecode.swift; path = ViewModel.swift; sourceTree = "<group>"; };
		444FED8227199BDC000C7329 /* PartView1Data.swift */ = {isa = PBXFileReference; lastKnownFileType = sourcecode.swift; path = PartView1Data.swift; sourceTree = "<group>"; };
		444FED842719A383000C7329 /* UIStackView.swift */ = {isa = PBXFileReference; lastKnownFileType = sourcecode.swift; path = UIStackView.swift; sourceTree = "<group>"; };
		447655BE271EBBBB00C12434 /* FileHandler.swift */ = {isa = PBXFileReference; lastKnownFileType = sourcecode.swift; path = FileHandler.swift; sourceTree = "<group>"; };
		447655C0271ED9DD00C12434 /* PersistentContact.swift */ = {isa = PBXFileReference; lastKnownFileType = sourcecode.swift; path = PersistentContact.swift; sourceTree = "<group>"; };
		44791E0C271563B700E6FC6C /* UIColor+AppColors.swift */ = {isa = PBXFileReference; lastKnownFileType = sourcecode.swift; path = "UIColor+AppColors.swift"; sourceTree = "<group>"; };
		44791E0F271572E200E6FC6C /* Contact.swift */ = {isa = PBXFileReference; lastKnownFileType = sourcecode.swift; path = Contact.swift; sourceTree = "<group>"; };
		44791E142715766B00E6FC6C /* ContactDetailsCoordinator.swift */ = {isa = PBXFileReference; lastKnownFileType = sourcecode.swift; path = ContactDetailsCoordinator.swift; sourceTree = "<group>"; };
		44791E1A27158CC500E6FC6C /* ContactShowViewController.swift */ = {isa = PBXFileReference; lastKnownFileType = sourcecode.swift; path = ContactShowViewController.swift; sourceTree = "<group>"; };
		44791E1E27158D3100E6FC6C /* ContactCreateRedactViewController.swift */ = {isa = PBXFileReference; lastKnownFileType = sourcecode.swift; path = ContactCreateRedactViewController.swift; sourceTree = "<group>"; };
		44791E2027158E3900E6FC6C /* ContactCreateRedactViewModel.swift */ = {isa = PBXFileReference; lastKnownFileType = sourcecode.swift; path = ContactCreateRedactViewModel.swift; sourceTree = "<group>"; };
		44791E272715B37100E6FC6C /* UINavigationController.swift */ = {isa = PBXFileReference; lastKnownFileType = sourcecode.swift; path = UINavigationController.swift; sourceTree = "<group>"; };
		44791E292715B92400E6FC6C /* ContactHeaderView.swift */ = {isa = PBXFileReference; lastKnownFileType = sourcecode.swift; path = ContactHeaderView.swift; sourceTree = "<group>"; };
		44791E2B2715BAFF00E6FC6C /* ContactCreateRedactPartView1.swift */ = {isa = PBXFileReference; lastKnownFileType = sourcecode.swift; path = ContactCreateRedactPartView1.swift; sourceTree = "<group>"; };
		44791E2F2715BB8F00E6FC6C /* UIView.swift */ = {isa = PBXFileReference; lastKnownFileType = sourcecode.swift; path = UIView.swift; sourceTree = "<group>"; };
		44791E312715BCD200E6FC6C /* UITextField.swift */ = {isa = PBXFileReference; lastKnownFileType = sourcecode.swift; path = UITextField.swift; sourceTree = "<group>"; };
		44DEA5F227215D8C0067F1DA /* TableViewContactCell.swift */ = {isa = PBXFileReference; lastKnownFileType = sourcecode.swift; path = TableViewContactCell.swift; sourceTree = "<group>"; };
		44DEA5F427215DFB0067F1DA /* ContactCellViewModel.swift */ = {isa = PBXFileReference; lastKnownFileType = sourcecode.swift; path = ContactCellViewModel.swift; sourceTree = "<group>"; };
		44DEA5F627217EB20067F1DA /* CollationIndexable.swift */ = {isa = PBXFileReference; lastKnownFileType = sourcecode.swift; path = CollationIndexable.swift; sourceTree = "<group>"; };
		73260373B9C06759E7A3E8AD /* Pods-KODE-Contacts-KODE-ContactsUITests.release.xcconfig */ = {isa = PBXFileReference; includeInIndex = 1; lastKnownFileType = text.xcconfig; name = "Pods-KODE-Contacts-KODE-ContactsUITests.release.xcconfig"; path = "Target Support Files/Pods-KODE-Contacts-KODE-ContactsUITests/Pods-KODE-Contacts-KODE-ContactsUITests.release.xcconfig"; sourceTree = "<group>"; };
		A30E049690EA00A0D7036787 /* Pods_KODE_Contacts.framework */ = {isa = PBXFileReference; explicitFileType = wrapper.framework; includeInIndex = 0; path = Pods_KODE_Contacts.framework; sourceTree = BUILT_PRODUCTS_DIR; };
		AFB49A5CB61CE6BF62E624A8 /* Pods_KODE_Contacts_KODE_ContactsUITests.framework */ = {isa = PBXFileReference; explicitFileType = wrapper.framework; includeInIndex = 0; path = Pods_KODE_Contacts_KODE_ContactsUITests.framework; sourceTree = BUILT_PRODUCTS_DIR; };
		B638084B75F7EF3A5E3C5CA8 /* Pods_KODE_ContactsTests.framework */ = {isa = PBXFileReference; explicitFileType = wrapper.framework; includeInIndex = 0; path = Pods_KODE_ContactsTests.framework; sourceTree = BUILT_PRODUCTS_DIR; };
		C30078247CDCAC85096953A7 /* Pods-KODE-Contacts-KODE-ContactsUITests.debug.xcconfig */ = {isa = PBXFileReference; includeInIndex = 1; lastKnownFileType = text.xcconfig; name = "Pods-KODE-Contacts-KODE-ContactsUITests.debug.xcconfig"; path = "Target Support Files/Pods-KODE-Contacts-KODE-ContactsUITests/Pods-KODE-Contacts-KODE-ContactsUITests.debug.xcconfig"; sourceTree = "<group>"; };
		D4E34125006D3D96D9AC5EFD /* Pods-KODE-ContactsTests.release.xcconfig */ = {isa = PBXFileReference; includeInIndex = 1; lastKnownFileType = text.xcconfig; name = "Pods-KODE-ContactsTests.release.xcconfig"; path = "Target Support Files/Pods-KODE-ContactsTests/Pods-KODE-ContactsTests.release.xcconfig"; sourceTree = "<group>"; };
		FA3468D0EE578601FA31096A /* Pods-KODE-ContactsTests.debug.xcconfig */ = {isa = PBXFileReference; includeInIndex = 1; lastKnownFileType = text.xcconfig; name = "Pods-KODE-ContactsTests.debug.xcconfig"; path = "Target Support Files/Pods-KODE-ContactsTests/Pods-KODE-ContactsTests.debug.xcconfig"; sourceTree = "<group>"; };
/* End PBXFileReference section */

/* Begin PBXFrameworksBuildPhase section */
		444A5E1D271436B100893C26 /* Frameworks */ = {
			isa = PBXFrameworksBuildPhase;
			buildActionMask = 2147483647;
			files = (
				774B8B1A312399324A8F68DC /* Pods_KODE_Contacts.framework in Frameworks */,
			);
			runOnlyForDeploymentPostprocessing = 0;
		};
		444A5E36271436B400893C26 /* Frameworks */ = {
			isa = PBXFrameworksBuildPhase;
			buildActionMask = 2147483647;
			files = (
				8B1B62A93F584131891FBEBC /* Pods_KODE_ContactsTests.framework in Frameworks */,
			);
			runOnlyForDeploymentPostprocessing = 0;
		};
		444A5E41271436B400893C26 /* Frameworks */ = {
			isa = PBXFrameworksBuildPhase;
			buildActionMask = 2147483647;
			files = (
				F4D6CBACFEE0CA77A7223C85 /* Pods_KODE_Contacts_KODE_ContactsUITests.framework in Frameworks */,
			);
			runOnlyForDeploymentPostprocessing = 0;
		};
/* End PBXFrameworksBuildPhase section */

/* Begin PBXGroup section */
		3CC772DB49B9409CEFC5D2BC /* Frameworks */ = {
			isa = PBXGroup;
			children = (
				A30E049690EA00A0D7036787 /* Pods_KODE_Contacts.framework */,
				AFB49A5CB61CE6BF62E624A8 /* Pods_KODE_Contacts_KODE_ContactsUITests.framework */,
				B638084B75F7EF3A5E3C5CA8 /* Pods_KODE_ContactsTests.framework */,
			);
			name = Frameworks;
			sourceTree = "<group>";
		};
		444A5E17271436B100893C26 = {
			isa = PBXGroup;
			children = (
				444A5E5627143AA300893C26 /* Resources */,
				444A5E22271436B100893C26 /* KODE-Contacts */,
				444A5E3C271436B400893C26 /* KODE-ContactsTests */,
				444A5E47271436B400893C26 /* KODE-ContactsUITests */,
				444A5E21271436B100893C26 /* Products */,
				63C0780E279B30B7C9790CCD /* Pods */,
				3CC772DB49B9409CEFC5D2BC /* Frameworks */,
			);
			sourceTree = "<group>";
		};
		444A5E21271436B100893C26 /* Products */ = {
			isa = PBXGroup;
			children = (
				444A5E20271436B100893C26 /* KODE-Contacts.app */,
				444A5E39271436B400893C26 /* KODE-ContactsTests.xctest */,
				444A5E44271436B400893C26 /* KODE-ContactsUITests.xctest */,
			);
			name = Products;
			sourceTree = "<group>";
		};
		444A5E22271436B100893C26 /* KODE-Contacts */ = {
			isa = PBXGroup;
			children = (
				444A5E5D2714488400893C26 /* Scenes */,
				444A5E5727143AF600893C26 /* Support */,
				444A5E6F2714544C00893C26 /* Constants */,
				444A5E23271436B100893C26 /* AppDelegate.swift */,
				444A5E25271436B100893C26 /* SceneDelegate.swift */,
				444A5E34271436B300893C26 /* Info.plist */,
			);
			path = "KODE-Contacts";
			sourceTree = "<group>";
		};
		444A5E3C271436B400893C26 /* KODE-ContactsTests */ = {
			isa = PBXGroup;
			children = (
				444A5E3D271436B400893C26 /* KODEContactsTests.swift */,
				444A5E3F271436B400893C26 /* Info.plist */,
			);
			path = "KODE-ContactsTests";
			sourceTree = "<group>";
		};
		444A5E47271436B400893C26 /* KODE-ContactsUITests */ = {
			isa = PBXGroup;
			children = (
				444A5E48271436B400893C26 /* KODEContactsUITests.swift */,
				444A5E4A271436B400893C26 /* Info.plist */,
			);
			path = "KODE-ContactsUITests";
			sourceTree = "<group>";
		};
		444A5E5627143AA300893C26 /* Resources */ = {
			isa = PBXGroup;
			children = (
				444A5E5B2714421F00893C26 /* R.generated.swift */,
				444A5E2F271436B300893C26 /* Assets.xcassets */,
			);
			path = Resources;
			sourceTree = "<group>";
		};
		444A5E5727143AF600893C26 /* Support */ = {
			isa = PBXGroup;
			children = (
				44DEA5F627217EB20067F1DA /* CollationIndexable.swift */,
				444FED802719907C000C7329 /* ViewModel.swift */,
				447655BE271EBBBB00C12434 /* FileHandler.swift */,
				44149B65271E979400F134DE /* Errors.swift */,
				441D2A38271D4DA000288666 /* Ringtone.swift */,
				44791E0F271572E200E6FC6C /* Contact.swift */,
				444FED7E27198461000C7329 /* CustomToolbar.swift */,
				444A5E6227144E0100893C26 /* Dependencies.swift */,
				444A5E5E27144D7100893C26 /* Coordinator.swift */,
				440CAC892718451500E6E51F /* DefaultCellView.swift */,
				44791E0B271563A100E6FC6C /* Extensions */,
				444A5E5827143C0000893C26 /* CoreDataClient */,
			);
			path = Support;
			sourceTree = "<group>";
		};
		444A5E5827143C0000893C26 /* CoreDataClient */ = {
			isa = PBXGroup;
			children = (
				444A5E6427144E4300893C26 /* CoreDataClient.swift */,
				44791E0E271572D400E6FC6C /* Models */,
			);
			path = CoreDataClient;
			sourceTree = "<group>";
		};
		444A5E5D2714488400893C26 /* Scenes */ = {
			isa = PBXGroup;
			children = (
				444A5E31271436B300893C26 /* LaunchScreen.storyboard */,
				444A5E6027144DE800893C26 /* AppCoordinator.swift */,
				444A5E6627144F9200893C26 /* Contacts List */,
				44791E112715763300E6FC6C /* Contact Details */,
			);
			path = Scenes;
			sourceTree = "<group>";
		};
		444A5E6627144F9200893C26 /* Contacts List */ = {
			isa = PBXGroup;
			children = (
				444A5E6727144FDE00893C26 /* ContactsListCoordinator.swift */,
				444A5E6C271452FB00893C26 /* Views */,
				444A5E6B271452F100893C26 /* ViewControllers */,
				444A5E6A271452EA00893C26 /* ViewModels */,
				444A5E69271452E200893C26 /* Models */,
			);
			path = "Contacts List";
			sourceTree = "<group>";
		};
		444A5E69271452E200893C26 /* Models */ = {
			isa = PBXGroup;
			children = (
			);
			path = Models;
			sourceTree = "<group>";
		};
		444A5E6A271452EA00893C26 /* ViewModels */ = {
			isa = PBXGroup;
			children = (
				44DEA5F427215DFB0067F1DA /* ContactCellViewModel.swift */,
				444A5E7227145DD900893C26 /* ContactsListViewModel.swift */,
			);
			path = ViewModels;
			sourceTree = "<group>";
		};
		444A5E6B271452F100893C26 /* ViewControllers */ = {
			isa = PBXGroup;
			children = (
				444A5E6D2714531C00893C26 /* ContactsListViewController.swift */,
			);
			path = ViewControllers;
			sourceTree = "<group>";
		};
		444A5E6C271452FB00893C26 /* Views */ = {
			isa = PBXGroup;
			children = (
				44DEA5F227215D8C0067F1DA /* TableViewContactCell.swift */,
			);
			path = Views;
			sourceTree = "<group>";
		};
		444A5E6F2714544C00893C26 /* Constants */ = {
			isa = PBXGroup;
			children = (
				444A5E702714548E00893C26 /* Localizable.strings */,
				440CAC812718079900E6E51F /* Constants.swift */,
			);
			path = Constants;
			sourceTree = "<group>";
		};
		44791E0B271563A100E6FC6C /* Extensions */ = {
			isa = PBXGroup;
			children = (
				44791E262715B35D00E6FC6C /* Addons */,
				44791E0C271563B700E6FC6C /* UIColor+AppColors.swift */,
				440CAC87271830C600E6E51F /* UIFont+AppFonts.swift */,
				440CAC8327180CB100E6E51F /* UIImage+AppImages.swift */,
			);
			path = Extensions;
			sourceTree = "<group>";
		};
		44791E0E271572D400E6FC6C /* Models */ = {
			isa = PBXGroup;
			children = (
				444A5E2C271436B100893C26 /* KODE_Contacts.xcdatamodeld */,
			);
			path = Models;
			sourceTree = "<group>";
		};
		44791E112715763300E6FC6C /* Contact Details */ = {
			isa = PBXGroup;
			children = (
				44791E142715766B00E6FC6C /* ContactDetailsCoordinator.swift */,
				44791E192715778C00E6FC6C /* Views */,
				44791E182715778500E6FC6C /* ViewControllers */,
				44791E172715777C00E6FC6C /* ViewModels */,
				44791E162715776A00E6FC6C /* Models */,
			);
			path = "Contact Details";
			sourceTree = "<group>";
		};
		44791E162715776A00E6FC6C /* Models */ = {
			isa = PBXGroup;
			children = (
				444FED8227199BDC000C7329 /* PartView1Data.swift */,
				441D2A36271D44B200288666 /* PartView2Data.swift */,
				441D2A3A271D5BB900288666 /* PartView3Data.swift */,
			);
			path = Models;
			sourceTree = "<group>";
		};
		44791E172715777C00E6FC6C /* ViewModels */ = {
			isa = PBXGroup;
			children = (
				44791E2027158E3900E6FC6C /* ContactCreateRedactViewModel.swift */,
				443A697D2722EAFD0023C69A /* ContactShowViewModel.swift */,
				443A69772722E4380023C69A /* HeaderViewModel.swift */,
				443A69792722E7A00023C69A /* ShowViewModel.swift */,
				444FED76271969B1000C7329 /* RedactViewModel1.swift */,
				444FED7827196A6C000C7329 /* RedactViewModel2.swift */,
				444FED7A27196A84000C7329 /* RedactViewModel3.swift */,
			);
			path = ViewModels;
			sourceTree = "<group>";
		};
		44791E182715778500E6FC6C /* ViewControllers */ = {
			isa = PBXGroup;
			children = (
				44791E1A27158CC500E6FC6C /* ContactShowViewController.swift */,
				44791E1E27158D3100E6FC6C /* ContactCreateRedactViewController.swift */,
			);
			path = ViewControllers;
			sourceTree = "<group>";
		};
		44791E192715778C00E6FC6C /* Views */ = {
			isa = PBXGroup;
			children = (
				44791E292715B92400E6FC6C /* ContactHeaderView.swift */,
				443A697B2722E84A0023C69A /* ContactShowPartView.swift */,
				44791E2B2715BAFF00E6FC6C /* ContactCreateRedactPartView1.swift */,
				440CAC85271822D400E6E51F /* ContactCreateRedactPartView2.swift */,
				440CAC8B27184B3100E6E51F /* ContactCreateRedactPartView3.swift */,
			);
			path = Views;
			sourceTree = "<group>";
		};
		44791E262715B35D00E6FC6C /* Addons */ = {
			isa = PBXGroup;
			children = (
				44791E272715B37100E6FC6C /* UINavigationController.swift */,
				44149B67271E9CF300F134DE /* UIViewController.swift */,
				44149B69271E9D1F00F134DE /* UIAlertController.swift */,
				44791E2F2715BB8F00E6FC6C /* UIView.swift */,
				44791E312715BCD200E6FC6C /* UITextField.swift */,
				444FED842719A383000C7329 /* UIStackView.swift */,
				44136FDF27203F3400956694 /* String.swift */,
				447655C0271ED9DD00C12434 /* PersistentContact.swift */,
			);
			path = Addons;
			sourceTree = "<group>";
		};
		63C0780E279B30B7C9790CCD /* Pods */ = {
			isa = PBXGroup;
			children = (
				182F0236B712339EB45E71E4 /* Pods-KODE-Contacts.debug.xcconfig */,
				3D39221AC8E58FF2C800B06B /* Pods-KODE-Contacts.release.xcconfig */,
				C30078247CDCAC85096953A7 /* Pods-KODE-Contacts-KODE-ContactsUITests.debug.xcconfig */,
				73260373B9C06759E7A3E8AD /* Pods-KODE-Contacts-KODE-ContactsUITests.release.xcconfig */,
				FA3468D0EE578601FA31096A /* Pods-KODE-ContactsTests.debug.xcconfig */,
				D4E34125006D3D96D9AC5EFD /* Pods-KODE-ContactsTests.release.xcconfig */,
			);
			path = Pods;
			sourceTree = "<group>";
		};
/* End PBXGroup section */

/* Begin PBXNativeTarget section */
		444A5E1F271436B100893C26 /* KODE-Contacts */ = {
			isa = PBXNativeTarget;
			buildConfigurationList = 444A5E4D271436B400893C26 /* Build configuration list for PBXNativeTarget "KODE-Contacts" */;
			buildPhases = (
				D8AF6D6B885FE254B7D77BAF /* [CP] Check Pods Manifest.lock */,
				444A5E5927143DB800893C26 /* SwiftLint */,
				444A5E5A27143E0800893C26 /* R.Swift */,
				444A5E1C271436B100893C26 /* Sources */,
				444A5E1D271436B100893C26 /* Frameworks */,
				444A5E1E271436B100893C26 /* Resources */,
				D27CC9BC5EE5C26FECC6C48A /* [CP] Embed Pods Frameworks */,
			);
			buildRules = (
			);
			dependencies = (
			);
			name = "KODE-Contacts";
			productName = "KODE-Contacts";
			productReference = 444A5E20271436B100893C26 /* KODE-Contacts.app */;
			productType = "com.apple.product-type.application";
		};
		444A5E38271436B400893C26 /* KODE-ContactsTests */ = {
			isa = PBXNativeTarget;
			buildConfigurationList = 444A5E50271436B400893C26 /* Build configuration list for PBXNativeTarget "KODE-ContactsTests" */;
			buildPhases = (
				53AD6035C9F445D8781A87C4 /* [CP] Check Pods Manifest.lock */,
				444A5E35271436B400893C26 /* Sources */,
				444A5E36271436B400893C26 /* Frameworks */,
				444A5E37271436B400893C26 /* Resources */,
			);
			buildRules = (
			);
			dependencies = (
				444A5E3B271436B400893C26 /* PBXTargetDependency */,
			);
			name = "KODE-ContactsTests";
			productName = "KODE-ContactsTests";
			productReference = 444A5E39271436B400893C26 /* KODE-ContactsTests.xctest */;
			productType = "com.apple.product-type.bundle.unit-test";
		};
		444A5E43271436B400893C26 /* KODE-ContactsUITests */ = {
			isa = PBXNativeTarget;
			buildConfigurationList = 444A5E53271436B400893C26 /* Build configuration list for PBXNativeTarget "KODE-ContactsUITests" */;
			buildPhases = (
				C4C13471F14157C48555575C /* [CP] Check Pods Manifest.lock */,
				444A5E40271436B400893C26 /* Sources */,
				444A5E41271436B400893C26 /* Frameworks */,
				444A5E42271436B400893C26 /* Resources */,
				FF1720F334CA8EE45860F679 /* [CP] Embed Pods Frameworks */,
			);
			buildRules = (
			);
			dependencies = (
				444A5E46271436B400893C26 /* PBXTargetDependency */,
			);
			name = "KODE-ContactsUITests";
			productName = "KODE-ContactsUITests";
			productReference = 444A5E44271436B400893C26 /* KODE-ContactsUITests.xctest */;
			productType = "com.apple.product-type.bundle.ui-testing";
		};
/* End PBXNativeTarget section */

/* Begin PBXProject section */
		444A5E18271436B100893C26 /* Project object */ = {
			isa = PBXProject;
			attributes = {
				LastSwiftUpdateCheck = 1250;
				LastUpgradeCheck = 1250;
				TargetAttributes = {
					444A5E1F271436B100893C26 = {
						CreatedOnToolsVersion = 12.5.1;
					};
					444A5E38271436B400893C26 = {
						CreatedOnToolsVersion = 12.5.1;
						TestTargetID = 444A5E1F271436B100893C26;
					};
					444A5E43271436B400893C26 = {
						CreatedOnToolsVersion = 12.5.1;
						TestTargetID = 444A5E1F271436B100893C26;
					};
				};
			};
			buildConfigurationList = 444A5E1B271436B100893C26 /* Build configuration list for PBXProject "KODE-Contacts" */;
			compatibilityVersion = "Xcode 9.3";
			developmentRegion = en;
			hasScannedForEncodings = 0;
			knownRegions = (
				en,
				Base,
			);
			mainGroup = 444A5E17271436B100893C26;
			productRefGroup = 444A5E21271436B100893C26 /* Products */;
			projectDirPath = "";
			projectRoot = "";
			targets = (
				444A5E1F271436B100893C26 /* KODE-Contacts */,
				444A5E38271436B400893C26 /* KODE-ContactsTests */,
				444A5E43271436B400893C26 /* KODE-ContactsUITests */,
			);
		};
/* End PBXProject section */

/* Begin PBXResourcesBuildPhase section */
		444A5E1E271436B100893C26 /* Resources */ = {
			isa = PBXResourcesBuildPhase;
			buildActionMask = 2147483647;
			files = (
				444A5E33271436B300893C26 /* LaunchScreen.storyboard in Resources */,
				444A5E712714548E00893C26 /* Localizable.strings in Resources */,
				444A5E30271436B300893C26 /* Assets.xcassets in Resources */,
			);
			runOnlyForDeploymentPostprocessing = 0;
		};
		444A5E37271436B400893C26 /* Resources */ = {
			isa = PBXResourcesBuildPhase;
			buildActionMask = 2147483647;
			files = (
			);
			runOnlyForDeploymentPostprocessing = 0;
		};
		444A5E42271436B400893C26 /* Resources */ = {
			isa = PBXResourcesBuildPhase;
			buildActionMask = 2147483647;
			files = (
			);
			runOnlyForDeploymentPostprocessing = 0;
		};
/* End PBXResourcesBuildPhase section */

/* Begin PBXShellScriptBuildPhase section */
		444A5E5927143DB800893C26 /* SwiftLint */ = {
			isa = PBXShellScriptBuildPhase;
			buildActionMask = 2147483647;
			files = (
			);
			inputFileListPaths = (
			);
			inputPaths = (
			);
			name = SwiftLint;
			outputFileListPaths = (
			);
			outputPaths = (
			);
			runOnlyForDeploymentPostprocessing = 0;
			shellPath = /bin/sh;
			shellScript = "\"${PODS_ROOT}/SwiftLint/swiftlint\"\n";
		};
		444A5E5A27143E0800893C26 /* R.Swift */ = {
			isa = PBXShellScriptBuildPhase;
			buildActionMask = 2147483647;
			files = (
			);
			inputFileListPaths = (
			);
			inputPaths = (
				"$TEMP_DIR/rswift-lastrun",
			);
			name = R.Swift;
			outputFileListPaths = (
			);
			outputPaths = (
				$SRCROOT/Resources/R.generated.swift,
			);
			runOnlyForDeploymentPostprocessing = 0;
			shellPath = /bin/sh;
			shellScript = "\"$PODS_ROOT/R.swift/rswift\" generate \"$SRCROOT/Resources/R.generated.swift\"\n";
		};
		53AD6035C9F445D8781A87C4 /* [CP] Check Pods Manifest.lock */ = {
			isa = PBXShellScriptBuildPhase;
			buildActionMask = 2147483647;
			files = (
			);
			inputFileListPaths = (
			);
			inputPaths = (
				"${PODS_PODFILE_DIR_PATH}/Podfile.lock",
				"${PODS_ROOT}/Manifest.lock",
			);
			name = "[CP] Check Pods Manifest.lock";
			outputFileListPaths = (
			);
			outputPaths = (
				"$(DERIVED_FILE_DIR)/Pods-KODE-ContactsTests-checkManifestLockResult.txt",
			);
			runOnlyForDeploymentPostprocessing = 0;
			shellPath = /bin/sh;
			shellScript = "diff \"${PODS_PODFILE_DIR_PATH}/Podfile.lock\" \"${PODS_ROOT}/Manifest.lock\" > /dev/null\nif [ $? != 0 ] ; then\n    # print error to STDERR\n    echo \"error: The sandbox is not in sync with the Podfile.lock. Run 'pod install' or update your CocoaPods installation.\" >&2\n    exit 1\nfi\n# This output is used by Xcode 'outputs' to avoid re-running this script phase.\necho \"SUCCESS\" > \"${SCRIPT_OUTPUT_FILE_0}\"\n";
			showEnvVarsInLog = 0;
		};
		C4C13471F14157C48555575C /* [CP] Check Pods Manifest.lock */ = {
			isa = PBXShellScriptBuildPhase;
			buildActionMask = 2147483647;
			files = (
			);
			inputFileListPaths = (
			);
			inputPaths = (
				"${PODS_PODFILE_DIR_PATH}/Podfile.lock",
				"${PODS_ROOT}/Manifest.lock",
			);
			name = "[CP] Check Pods Manifest.lock";
			outputFileListPaths = (
			);
			outputPaths = (
				"$(DERIVED_FILE_DIR)/Pods-KODE-Contacts-KODE-ContactsUITests-checkManifestLockResult.txt",
			);
			runOnlyForDeploymentPostprocessing = 0;
			shellPath = /bin/sh;
			shellScript = "diff \"${PODS_PODFILE_DIR_PATH}/Podfile.lock\" \"${PODS_ROOT}/Manifest.lock\" > /dev/null\nif [ $? != 0 ] ; then\n    # print error to STDERR\n    echo \"error: The sandbox is not in sync with the Podfile.lock. Run 'pod install' or update your CocoaPods installation.\" >&2\n    exit 1\nfi\n# This output is used by Xcode 'outputs' to avoid re-running this script phase.\necho \"SUCCESS\" > \"${SCRIPT_OUTPUT_FILE_0}\"\n";
			showEnvVarsInLog = 0;
		};
		D27CC9BC5EE5C26FECC6C48A /* [CP] Embed Pods Frameworks */ = {
			isa = PBXShellScriptBuildPhase;
			buildActionMask = 2147483647;
			files = (
			);
			inputFileListPaths = (
				"${PODS_ROOT}/Target Support Files/Pods-KODE-Contacts/Pods-KODE-Contacts-frameworks-${CONFIGURATION}-input-files.xcfilelist",
			);
			name = "[CP] Embed Pods Frameworks";
			outputFileListPaths = (
				"${PODS_ROOT}/Target Support Files/Pods-KODE-Contacts/Pods-KODE-Contacts-frameworks-${CONFIGURATION}-output-files.xcfilelist",
			);
			runOnlyForDeploymentPostprocessing = 0;
			shellPath = /bin/sh;
			shellScript = "\"${PODS_ROOT}/Target Support Files/Pods-KODE-Contacts/Pods-KODE-Contacts-frameworks.sh\"\n";
			showEnvVarsInLog = 0;
		};
		D8AF6D6B885FE254B7D77BAF /* [CP] Check Pods Manifest.lock */ = {
			isa = PBXShellScriptBuildPhase;
			buildActionMask = 2147483647;
			files = (
			);
			inputFileListPaths = (
			);
			inputPaths = (
				"${PODS_PODFILE_DIR_PATH}/Podfile.lock",
				"${PODS_ROOT}/Manifest.lock",
			);
			name = "[CP] Check Pods Manifest.lock";
			outputFileListPaths = (
			);
			outputPaths = (
				"$(DERIVED_FILE_DIR)/Pods-KODE-Contacts-checkManifestLockResult.txt",
			);
			runOnlyForDeploymentPostprocessing = 0;
			shellPath = /bin/sh;
			shellScript = "diff \"${PODS_PODFILE_DIR_PATH}/Podfile.lock\" \"${PODS_ROOT}/Manifest.lock\" > /dev/null\nif [ $? != 0 ] ; then\n    # print error to STDERR\n    echo \"error: The sandbox is not in sync with the Podfile.lock. Run 'pod install' or update your CocoaPods installation.\" >&2\n    exit 1\nfi\n# This output is used by Xcode 'outputs' to avoid re-running this script phase.\necho \"SUCCESS\" > \"${SCRIPT_OUTPUT_FILE_0}\"\n";
			showEnvVarsInLog = 0;
		};
		FF1720F334CA8EE45860F679 /* [CP] Embed Pods Frameworks */ = {
			isa = PBXShellScriptBuildPhase;
			buildActionMask = 2147483647;
			files = (
			);
			inputFileListPaths = (
				"${PODS_ROOT}/Target Support Files/Pods-KODE-Contacts-KODE-ContactsUITests/Pods-KODE-Contacts-KODE-ContactsUITests-frameworks-${CONFIGURATION}-input-files.xcfilelist",
			);
			name = "[CP] Embed Pods Frameworks";
			outputFileListPaths = (
				"${PODS_ROOT}/Target Support Files/Pods-KODE-Contacts-KODE-ContactsUITests/Pods-KODE-Contacts-KODE-ContactsUITests-frameworks-${CONFIGURATION}-output-files.xcfilelist",
			);
			runOnlyForDeploymentPostprocessing = 0;
			shellPath = /bin/sh;
			shellScript = "\"${PODS_ROOT}/Target Support Files/Pods-KODE-Contacts-KODE-ContactsUITests/Pods-KODE-Contacts-KODE-ContactsUITests-frameworks.sh\"\n";
			showEnvVarsInLog = 0;
		};
/* End PBXShellScriptBuildPhase section */

/* Begin PBXSourcesBuildPhase section */
		444A5E1C271436B100893C26 /* Sources */ = {
			isa = PBXSourcesBuildPhase;
			buildActionMask = 2147483647;
			files = (
				44791E2A2715B92400E6FC6C /* ContactHeaderView.swift in Sources */,
				44791E10271572E200E6FC6C /* Contact.swift in Sources */,
				444FED852719A383000C7329 /* UIStackView.swift in Sources */,
				44791E1F27158D3100E6FC6C /* ContactCreateRedactViewController.swift in Sources */,
				441D2A39271D4DA000288666 /* Ringtone.swift in Sources */,
				443A69782722E4380023C69A /* HeaderViewModel.swift in Sources */,
				44791E322715BCD200E6FC6C /* UITextField.swift in Sources */,
				444A5E6327144E0200893C26 /* Dependencies.swift in Sources */,
				44149B66271E979400F134DE /* Errors.swift in Sources */,
				444A5E6527144E4300893C26 /* CoreDataClient.swift in Sources */,
				440CAC822718079900E6E51F /* Constants.swift in Sources */,
				441D2A37271D44B200288666 /* PartView2Data.swift in Sources */,
				444A5E6127144DE800893C26 /* AppCoordinator.swift in Sources */,
				44791E152715766B00E6FC6C /* ContactDetailsCoordinator.swift in Sources */,
				444A5E24271436B100893C26 /* AppDelegate.swift in Sources */,
				44149B68271E9CF300F134DE /* UIViewController.swift in Sources */,
				444A5E6E2714531C00893C26 /* ContactsListViewController.swift in Sources */,
				44791E0D271563B700E6FC6C /* UIColor+AppColors.swift in Sources */,
				443A697E2722EAFD0023C69A /* ContactShowViewModel.swift in Sources */,
				444FED7B27196A84000C7329 /* RedactViewModel3.swift in Sources */,
				44791E302715BB8F00E6FC6C /* UIView.swift in Sources */,
				444A5E6827144FDE00893C26 /* ContactsListCoordinator.swift in Sources */,
				44791E2C2715BAFF00E6FC6C /* ContactCreateRedactPartView1.swift in Sources */,
				444FED7F27198461000C7329 /* CustomToolbar.swift in Sources */,
				444A5E7327145DD900893C26 /* ContactsListViewModel.swift in Sources */,
				444A5E26271436B100893C26 /* SceneDelegate.swift in Sources */,
				443A697A2722E7A00023C69A /* ShowViewModel.swift in Sources */,
				440CAC8C27184B3100E6E51F /* ContactCreateRedactPartView3.swift in Sources */,
				441D2A3B271D5BB900288666 /* PartView3Data.swift in Sources */,
				44149B6A271E9D1F00F134DE /* UIAlertController.swift in Sources */,
				443A697C2722E84A0023C69A /* ContactShowPartView.swift in Sources */,
				44DEA5F327215D8C0067F1DA /* TableViewContactCell.swift in Sources */,
				440CAC8A2718451500E6E51F /* DefaultCellView.swift in Sources */,
				44791E2127158E3900E6FC6C /* ContactCreateRedactViewModel.swift in Sources */,
				444A5E5F27144D7100893C26 /* Coordinator.swift in Sources */,
				44DEA5F527215DFB0067F1DA /* ContactCellViewModel.swift in Sources */,
				444FED8327199BDC000C7329 /* PartView1Data.swift in Sources */,
				444A5E2E271436B100893C26 /* KODE_Contacts.xcdatamodeld in Sources */,
				444FED812719907C000C7329 /* ViewModel.swift in Sources */,
				44791E282715B37100E6FC6C /* UINavigationController.swift in Sources */,
				44136FE027203F3400956694 /* String.swift in Sources */,
				444FED77271969B1000C7329 /* RedactViewModel1.swift in Sources */,
				440CAC88271830C600E6E51F /* UIFont+AppFonts.swift in Sources */,
				447655BF271EBBBB00C12434 /* FileHandler.swift in Sources */,
				440CAC86271822D400E6E51F /* ContactCreateRedactPartView2.swift in Sources */,
				440CAC8427180CB100E6E51F /* UIImage+AppImages.swift in Sources */,
				447655C1271ED9DD00C12434 /* PersistentContact.swift in Sources */,
				44791E1B27158CC500E6FC6C /* ContactShowViewController.swift in Sources */,
				444FED7927196A6C000C7329 /* RedactViewModel2.swift in Sources */,
				444A5E5C2714421F00893C26 /* R.generated.swift in Sources */,
				44DEA5F727217EB20067F1DA /* CollationIndexable.swift in Sources */,
			);
			runOnlyForDeploymentPostprocessing = 0;
		};
		444A5E35271436B400893C26 /* Sources */ = {
			isa = PBXSourcesBuildPhase;
			buildActionMask = 2147483647;
			files = (
				444A5E3E271436B400893C26 /* KODEContactsTests.swift in Sources */,
			);
			runOnlyForDeploymentPostprocessing = 0;
		};
		444A5E40271436B400893C26 /* Sources */ = {
			isa = PBXSourcesBuildPhase;
			buildActionMask = 2147483647;
			files = (
				444A5E49271436B400893C26 /* KODEContactsUITests.swift in Sources */,
			);
			runOnlyForDeploymentPostprocessing = 0;
		};
/* End PBXSourcesBuildPhase section */

/* Begin PBXTargetDependency section */
		444A5E3B271436B400893C26 /* PBXTargetDependency */ = {
			isa = PBXTargetDependency;
			target = 444A5E1F271436B100893C26 /* KODE-Contacts */;
			targetProxy = 444A5E3A271436B400893C26 /* PBXContainerItemProxy */;
		};
		444A5E46271436B400893C26 /* PBXTargetDependency */ = {
			isa = PBXTargetDependency;
			target = 444A5E1F271436B100893C26 /* KODE-Contacts */;
			targetProxy = 444A5E45271436B400893C26 /* PBXContainerItemProxy */;
		};
/* End PBXTargetDependency section */

/* Begin PBXVariantGroup section */
		444A5E31271436B300893C26 /* LaunchScreen.storyboard */ = {
			isa = PBXVariantGroup;
			children = (
				444A5E32271436B300893C26 /* Base */,
			);
			name = LaunchScreen.storyboard;
			sourceTree = "<group>";
		};
/* End PBXVariantGroup section */

/* Begin XCBuildConfiguration section */
		444A5E4B271436B400893C26 /* Debug */ = {
			isa = XCBuildConfiguration;
			buildSettings = {
				ALWAYS_SEARCH_USER_PATHS = NO;
				CLANG_ANALYZER_NONNULL = YES;
				CLANG_ANALYZER_NUMBER_OBJECT_CONVERSION = YES_AGGRESSIVE;
				CLANG_CXX_LANGUAGE_STANDARD = "gnu++14";
				CLANG_CXX_LIBRARY = "libc++";
				CLANG_ENABLE_MODULES = YES;
				CLANG_ENABLE_OBJC_ARC = YES;
				CLANG_ENABLE_OBJC_WEAK = YES;
				CLANG_WARN_BLOCK_CAPTURE_AUTORELEASING = YES;
				CLANG_WARN_BOOL_CONVERSION = YES;
				CLANG_WARN_COMMA = YES;
				CLANG_WARN_CONSTANT_CONVERSION = YES;
				CLANG_WARN_DEPRECATED_OBJC_IMPLEMENTATIONS = YES;
				CLANG_WARN_DIRECT_OBJC_ISA_USAGE = YES_ERROR;
				CLANG_WARN_DOCUMENTATION_COMMENTS = YES;
				CLANG_WARN_EMPTY_BODY = YES;
				CLANG_WARN_ENUM_CONVERSION = YES;
				CLANG_WARN_INFINITE_RECURSION = YES;
				CLANG_WARN_INT_CONVERSION = YES;
				CLANG_WARN_NON_LITERAL_NULL_CONVERSION = YES;
				CLANG_WARN_OBJC_IMPLICIT_RETAIN_SELF = YES;
				CLANG_WARN_OBJC_LITERAL_CONVERSION = YES;
				CLANG_WARN_OBJC_ROOT_CLASS = YES_ERROR;
				CLANG_WARN_QUOTED_INCLUDE_IN_FRAMEWORK_HEADER = YES;
				CLANG_WARN_RANGE_LOOP_ANALYSIS = YES;
				CLANG_WARN_STRICT_PROTOTYPES = YES;
				CLANG_WARN_SUSPICIOUS_MOVE = YES;
				CLANG_WARN_UNGUARDED_AVAILABILITY = YES_AGGRESSIVE;
				CLANG_WARN_UNREACHABLE_CODE = YES;
				CLANG_WARN__DUPLICATE_METHOD_MATCH = YES;
				COPY_PHASE_STRIP = NO;
				DEBUG_INFORMATION_FORMAT = dwarf;
				ENABLE_STRICT_OBJC_MSGSEND = YES;
				ENABLE_TESTABILITY = YES;
				GCC_C_LANGUAGE_STANDARD = gnu11;
				GCC_DYNAMIC_NO_PIC = NO;
				GCC_NO_COMMON_BLOCKS = YES;
				GCC_OPTIMIZATION_LEVEL = 0;
				GCC_PREPROCESSOR_DEFINITIONS = (
					"DEBUG=1",
					"$(inherited)",
				);
				GCC_WARN_64_TO_32_BIT_CONVERSION = YES;
				GCC_WARN_ABOUT_RETURN_TYPE = YES_ERROR;
				GCC_WARN_UNDECLARED_SELECTOR = YES;
				GCC_WARN_UNINITIALIZED_AUTOS = YES_AGGRESSIVE;
				GCC_WARN_UNUSED_FUNCTION = YES;
				GCC_WARN_UNUSED_VARIABLE = YES;
				IPHONEOS_DEPLOYMENT_TARGET = 14.5;
				MTL_ENABLE_DEBUG_INFO = INCLUDE_SOURCE;
				MTL_FAST_MATH = YES;
				ONLY_ACTIVE_ARCH = YES;
				SDKROOT = iphoneos;
				SWIFT_ACTIVE_COMPILATION_CONDITIONS = DEBUG;
				SWIFT_OPTIMIZATION_LEVEL = "-Onone";
			};
			name = Debug;
		};
		444A5E4C271436B400893C26 /* Release */ = {
			isa = XCBuildConfiguration;
			buildSettings = {
				ALWAYS_SEARCH_USER_PATHS = NO;
				CLANG_ANALYZER_NONNULL = YES;
				CLANG_ANALYZER_NUMBER_OBJECT_CONVERSION = YES_AGGRESSIVE;
				CLANG_CXX_LANGUAGE_STANDARD = "gnu++14";
				CLANG_CXX_LIBRARY = "libc++";
				CLANG_ENABLE_MODULES = YES;
				CLANG_ENABLE_OBJC_ARC = YES;
				CLANG_ENABLE_OBJC_WEAK = YES;
				CLANG_WARN_BLOCK_CAPTURE_AUTORELEASING = YES;
				CLANG_WARN_BOOL_CONVERSION = YES;
				CLANG_WARN_COMMA = YES;
				CLANG_WARN_CONSTANT_CONVERSION = YES;
				CLANG_WARN_DEPRECATED_OBJC_IMPLEMENTATIONS = YES;
				CLANG_WARN_DIRECT_OBJC_ISA_USAGE = YES_ERROR;
				CLANG_WARN_DOCUMENTATION_COMMENTS = YES;
				CLANG_WARN_EMPTY_BODY = YES;
				CLANG_WARN_ENUM_CONVERSION = YES;
				CLANG_WARN_INFINITE_RECURSION = YES;
				CLANG_WARN_INT_CONVERSION = YES;
				CLANG_WARN_NON_LITERAL_NULL_CONVERSION = YES;
				CLANG_WARN_OBJC_IMPLICIT_RETAIN_SELF = YES;
				CLANG_WARN_OBJC_LITERAL_CONVERSION = YES;
				CLANG_WARN_OBJC_ROOT_CLASS = YES_ERROR;
				CLANG_WARN_QUOTED_INCLUDE_IN_FRAMEWORK_HEADER = YES;
				CLANG_WARN_RANGE_LOOP_ANALYSIS = YES;
				CLANG_WARN_STRICT_PROTOTYPES = YES;
				CLANG_WARN_SUSPICIOUS_MOVE = YES;
				CLANG_WARN_UNGUARDED_AVAILABILITY = YES_AGGRESSIVE;
				CLANG_WARN_UNREACHABLE_CODE = YES;
				CLANG_WARN__DUPLICATE_METHOD_MATCH = YES;
				COPY_PHASE_STRIP = NO;
				DEBUG_INFORMATION_FORMAT = "dwarf-with-dsym";
				ENABLE_NS_ASSERTIONS = NO;
				ENABLE_STRICT_OBJC_MSGSEND = YES;
				GCC_C_LANGUAGE_STANDARD = gnu11;
				GCC_NO_COMMON_BLOCKS = YES;
				GCC_WARN_64_TO_32_BIT_CONVERSION = YES;
				GCC_WARN_ABOUT_RETURN_TYPE = YES_ERROR;
				GCC_WARN_UNDECLARED_SELECTOR = YES;
				GCC_WARN_UNINITIALIZED_AUTOS = YES_AGGRESSIVE;
				GCC_WARN_UNUSED_FUNCTION = YES;
				GCC_WARN_UNUSED_VARIABLE = YES;
				IPHONEOS_DEPLOYMENT_TARGET = 14.5;
				MTL_ENABLE_DEBUG_INFO = NO;
				MTL_FAST_MATH = YES;
				SDKROOT = iphoneos;
				SWIFT_COMPILATION_MODE = wholemodule;
				SWIFT_OPTIMIZATION_LEVEL = "-O";
				VALIDATE_PRODUCT = YES;
			};
			name = Release;
		};
		444A5E4E271436B400893C26 /* Debug */ = {
			isa = XCBuildConfiguration;
			baseConfigurationReference = 182F0236B712339EB45E71E4 /* Pods-KODE-Contacts.debug.xcconfig */;
			buildSettings = {
				ASSETCATALOG_COMPILER_APPICON_NAME = AppIcon;
				ASSETCATALOG_COMPILER_GLOBAL_ACCENT_COLOR_NAME = AccentColor;
				CODE_SIGN_STYLE = Automatic;
				DEVELOPMENT_TEAM = 73S8J9N7ZU;
				INFOPLIST_FILE = "KODE-Contacts/Info.plist";
				IPHONEOS_DEPLOYMENT_TARGET = 13.0;
				LD_RUNPATH_SEARCH_PATHS = (
					"$(inherited)",
					"@executable_path/Frameworks",
				);
				PRODUCT_BUNDLE_IDENTIFIER = "KriDan.KODE-Contacts";
				PRODUCT_NAME = "$(TARGET_NAME)";
				SWIFT_VERSION = 5.0;
				TARGETED_DEVICE_FAMILY = "1,2";
			};
			name = Debug;
		};
		444A5E4F271436B400893C26 /* Release */ = {
			isa = XCBuildConfiguration;
			baseConfigurationReference = 3D39221AC8E58FF2C800B06B /* Pods-KODE-Contacts.release.xcconfig */;
			buildSettings = {
				ASSETCATALOG_COMPILER_APPICON_NAME = AppIcon;
				ASSETCATALOG_COMPILER_GLOBAL_ACCENT_COLOR_NAME = AccentColor;
				CODE_SIGN_STYLE = Automatic;
				DEVELOPMENT_TEAM = 73S8J9N7ZU;
				INFOPLIST_FILE = "KODE-Contacts/Info.plist";
				IPHONEOS_DEPLOYMENT_TARGET = 13.0;
				LD_RUNPATH_SEARCH_PATHS = (
					"$(inherited)",
					"@executable_path/Frameworks",
				);
				PRODUCT_BUNDLE_IDENTIFIER = "KriDan.KODE-Contacts";
				PRODUCT_NAME = "$(TARGET_NAME)";
				SWIFT_VERSION = 5.0;
				TARGETED_DEVICE_FAMILY = "1,2";
			};
			name = Release;
		};
		444A5E51271436B400893C26 /* Debug */ = {
			isa = XCBuildConfiguration;
			baseConfigurationReference = FA3468D0EE578601FA31096A /* Pods-KODE-ContactsTests.debug.xcconfig */;
			buildSettings = {
				ALWAYS_EMBED_SWIFT_STANDARD_LIBRARIES = YES;
				BUNDLE_LOADER = "$(TEST_HOST)";
				CODE_SIGN_STYLE = Automatic;
				DEVELOPMENT_TEAM = 73S8J9N7ZU;
				INFOPLIST_FILE = "KODE-ContactsTests/Info.plist";
				IPHONEOS_DEPLOYMENT_TARGET = 14.5;
				LD_RUNPATH_SEARCH_PATHS = (
					"$(inherited)",
					"@executable_path/Frameworks",
					"@loader_path/Frameworks",
				);
				PRODUCT_BUNDLE_IDENTIFIER = "KriDan.KODE-ContactsTests";
				PRODUCT_NAME = "$(TARGET_NAME)";
				SWIFT_VERSION = 5.0;
				TARGETED_DEVICE_FAMILY = "1,2";
				TEST_HOST = "$(BUILT_PRODUCTS_DIR)/KODE-Contacts.app/KODE-Contacts";
			};
			name = Debug;
		};
		444A5E52271436B400893C26 /* Release */ = {
			isa = XCBuildConfiguration;
			baseConfigurationReference = D4E34125006D3D96D9AC5EFD /* Pods-KODE-ContactsTests.release.xcconfig */;
			buildSettings = {
				ALWAYS_EMBED_SWIFT_STANDARD_LIBRARIES = YES;
				BUNDLE_LOADER = "$(TEST_HOST)";
				CODE_SIGN_STYLE = Automatic;
				DEVELOPMENT_TEAM = 73S8J9N7ZU;
				INFOPLIST_FILE = "KODE-ContactsTests/Info.plist";
				IPHONEOS_DEPLOYMENT_TARGET = 14.5;
				LD_RUNPATH_SEARCH_PATHS = (
					"$(inherited)",
					"@executable_path/Frameworks",
					"@loader_path/Frameworks",
				);
				PRODUCT_BUNDLE_IDENTIFIER = "KriDan.KODE-ContactsTests";
				PRODUCT_NAME = "$(TARGET_NAME)";
				SWIFT_VERSION = 5.0;
				TARGETED_DEVICE_FAMILY = "1,2";
				TEST_HOST = "$(BUILT_PRODUCTS_DIR)/KODE-Contacts.app/KODE-Contacts";
			};
			name = Release;
		};
		444A5E54271436B400893C26 /* Debug */ = {
			isa = XCBuildConfiguration;
			baseConfigurationReference = C30078247CDCAC85096953A7 /* Pods-KODE-Contacts-KODE-ContactsUITests.debug.xcconfig */;
			buildSettings = {
				ALWAYS_EMBED_SWIFT_STANDARD_LIBRARIES = YES;
				CODE_SIGN_STYLE = Automatic;
				DEVELOPMENT_TEAM = 73S8J9N7ZU;
				INFOPLIST_FILE = "KODE-ContactsUITests/Info.plist";
				LD_RUNPATH_SEARCH_PATHS = (
					"$(inherited)",
					"@executable_path/Frameworks",
					"@loader_path/Frameworks",
				);
				PRODUCT_BUNDLE_IDENTIFIER = "KriDan.KODE-ContactsUITests";
				PRODUCT_NAME = "$(TARGET_NAME)";
				SWIFT_VERSION = 5.0;
				TARGETED_DEVICE_FAMILY = "1,2";
				TEST_TARGET_NAME = "KODE-Contacts";
			};
			name = Debug;
		};
		444A5E55271436B400893C26 /* Release */ = {
			isa = XCBuildConfiguration;
			baseConfigurationReference = 73260373B9C06759E7A3E8AD /* Pods-KODE-Contacts-KODE-ContactsUITests.release.xcconfig */;
			buildSettings = {
				ALWAYS_EMBED_SWIFT_STANDARD_LIBRARIES = YES;
				CODE_SIGN_STYLE = Automatic;
				DEVELOPMENT_TEAM = 73S8J9N7ZU;
				INFOPLIST_FILE = "KODE-ContactsUITests/Info.plist";
				LD_RUNPATH_SEARCH_PATHS = (
					"$(inherited)",
					"@executable_path/Frameworks",
					"@loader_path/Frameworks",
				);
				PRODUCT_BUNDLE_IDENTIFIER = "KriDan.KODE-ContactsUITests";
				PRODUCT_NAME = "$(TARGET_NAME)";
				SWIFT_VERSION = 5.0;
				TARGETED_DEVICE_FAMILY = "1,2";
				TEST_TARGET_NAME = "KODE-Contacts";
			};
			name = Release;
		};
/* End XCBuildConfiguration section */

/* Begin XCConfigurationList section */
		444A5E1B271436B100893C26 /* Build configuration list for PBXProject "KODE-Contacts" */ = {
			isa = XCConfigurationList;
			buildConfigurations = (
				444A5E4B271436B400893C26 /* Debug */,
				444A5E4C271436B400893C26 /* Release */,
			);
			defaultConfigurationIsVisible = 0;
			defaultConfigurationName = Release;
		};
		444A5E4D271436B400893C26 /* Build configuration list for PBXNativeTarget "KODE-Contacts" */ = {
			isa = XCConfigurationList;
			buildConfigurations = (
				444A5E4E271436B400893C26 /* Debug */,
				444A5E4F271436B400893C26 /* Release */,
			);
			defaultConfigurationIsVisible = 0;
			defaultConfigurationName = Release;
		};
		444A5E50271436B400893C26 /* Build configuration list for PBXNativeTarget "KODE-ContactsTests" */ = {
			isa = XCConfigurationList;
			buildConfigurations = (
				444A5E51271436B400893C26 /* Debug */,
				444A5E52271436B400893C26 /* Release */,
			);
			defaultConfigurationIsVisible = 0;
			defaultConfigurationName = Release;
		};
		444A5E53271436B400893C26 /* Build configuration list for PBXNativeTarget "KODE-ContactsUITests" */ = {
			isa = XCConfigurationList;
			buildConfigurations = (
				444A5E54271436B400893C26 /* Debug */,
				444A5E55271436B400893C26 /* Release */,
			);
			defaultConfigurationIsVisible = 0;
			defaultConfigurationName = Release;
		};
/* End XCConfigurationList section */

/* Begin XCVersionGroup section */
		444A5E2C271436B100893C26 /* KODE_Contacts.xcdatamodeld */ = {
			isa = XCVersionGroup;
			children = (
				444A5E2D271436B100893C26 /* KODE_Contacts.xcdatamodel */,
			);
			currentVersion = 444A5E2D271436B100893C26 /* KODE_Contacts.xcdatamodel */;
			path = KODE_Contacts.xcdatamodeld;
			sourceTree = "<group>";
			versionGroupType = wrapper.xcdatamodel;
		};
/* End XCVersionGroup section */
	};
	rootObject = 444A5E18271436B100893C26 /* Project object */;
}
